
Microsoft Visual Studio Solution File, Format Version 12.00
# Visual Studio Version 17
VisualStudioVersion = 17.3.32929.385
MinimumVisualStudioVersion = 10.0.40219.1
Project("{FAE04EC0-301F-11D3-BF4B-00C04F79EFBC}") = "Xadrez-console", "Xadrez-console.csproj", "{2476BDB1-391C-45A7-B4F1-A6AAE33B9121}"
EndProject
Global
	GlobalSection(SolutionConfigurationPlatforms) = preSolution
		Debug|Any CPU = Debug|Any CPU
		Release|Any CPU = Release|Any CPU
	EndGlobalSection
	GlobalSection(ProjectConfigurationPlatforms) = postSolution
		{2476BDB1-391C-45A7-B4F1-A6AAE33B9121}.Debug|Any CPU.ActiveCfg = Debug|Any CPU
		{2476BDB1-391C-45A7-B4F1-A6AAE33B9121}.Debug|Any CPU.Build.0 = Debug|Any CPU
		{2476BDB1-391C-45A7-B4F1-A6AAE33B9121}.Release|Any CPU.ActiveCfg = Release|Any CPU
		{2476BDB1-391C-45A7-B4F1-A6AAE33B9121}.Release|Any CPU.Build.0 = Release|Any CPU
	EndGlobalSection
	GlobalSection(SolutionProperties) = preSolution
		HideSolutionNode = FALSE
	EndGlobalSection
	GlobalSection(ExtensibilityGlobals) = postSolution
		SolutionGuid = {EB9828AF-95F7-4563-AFFC-C06AF5D3F192}
	EndGlobalSection
EndGlobal
